PODS:
  - Loop (1.0.0):
    - ReactiveSwift (~> 6.0)
  - ReactiveCocoa (11.0.0):
    - ReactiveSwift (~> 6.2)
  - ReactiveSwift (6.3.0)
  - RxCocoa (5.1.1):
    - RxRelay (~> 5)
    - RxSwift (~> 5)
  - RxRelay (5.1.1):
    - RxSwift (~> 5)
  - RxSwift (5.1.1)

DEPENDENCIES:
  - Loop
  - ReactiveCocoa
  - RxCocoa
  - RxSwift

SPEC REPOS:
  trunk:
    - Loop
    - ReactiveCocoa
    - ReactiveSwift
    - RxCocoa
    - RxRelay
    - RxSwift

SPEC CHECKSUMS:
  Loop: abe8a737572fc67dde9e25d8d89f726b32c10922
  ReactiveCocoa: 189fcea9c5af7e394dd8a4cfc1c6f77af9ff3598
  ReactiveSwift: 7937f26ec18d555e2a99352bd0a8b2817d1f042d
  RxCocoa: 32065309a38d29b5b0db858819b5bf9ef038b601
  RxRelay: d77f7d771495f43c556cbc43eebd1bb54d01e8e9
  RxSwift: 81470a2074fa8780320ea5fe4102807cb7118178

PODFILE CHECKSUM: c5edbd14723c0d3d5fb582013c35a21a6856c83c

COCOAPODS: 1.10.0.beta.1
